{
    "_readme": [
        "This file locks the dependencies of your project to a known state",
        "Read more about it at https://getcomposer.org/doc/01-basic-usage.md#composer-lock-the-lock-file",
        "This file is @generated automatically"
    ],
    "hash": "5d54eb9ce9c9236499bf04a69fe2cb15",
    "packages": [
        {
            "name": "google/apiclient",
            "version": "1.1.5",
            "source": {
                "type": "git",
                "url": "https://github.com/google/google-api-php-client.git",
                "reference": "2bc00ec4e8fa1a5eec793d800fac339f30b730db"
            },
            "dist": {
                "type": "zip",
                "url": "https://api.github.com/repos/google/google-api-php-client/zipball/2bc00ec4e8fa1a5eec793d800fac339f30b730db",
                "reference": "2bc00ec4e8fa1a5eec793d800fac339f30b730db",
                "shasum": ""
            },
            "require": {
                "php": ">=5.2.1"
            },
            "require-dev": {
                "phpunit/phpunit": "3.7.*",
                "squizlabs/php_codesniffer": "~2.3"
            },
            "type": "library",
            "extra": {
                "branch-alias": {
                    "dev-master": "1.1.x-dev"
                }
            },
            "autoload": {
                "classmap": [
                    "src/"
                ]
            },
            "notification-url": "https://packagist.org/downloads/",
            "license": [
                "Apache-2.0"
            ],
            "description": "Client library for Google APIs",
            "homepage": "http://developers.google.com/api-client-library/php",
            "keywords": [
                "google"
            ],
            "time": "2015-09-23 04:19:33"
        },
        {
            "name": "jwilsson/spotify-web-api-php",
            "version": "0.10",
            "source": {
                "type": "git",
                "url": "https://github.com/jwilsson/spotify-web-api-php.git",
                "reference": "19d67bb42fe453dc07769bb8887fa2a43cad2bfd"
            },
            "dist": {
                "type": "zip",
                "url": "https://api.github.com/repos/jwilsson/spotify-web-api-php/zipball/19d67bb42fe453dc07769bb8887fa2a43cad2bfd",
                "reference": "19d67bb42fe453dc07769bb8887fa2a43cad2bfd",
                "shasum": ""
            },
            "require": {
                "ext-curl": "*",
                "php": ">=5.3.3"
            },
            "require-dev": {
                "phpunit/phpunit": "4.*",
                "satooshi/php-coveralls": "dev-master",
                "squizlabs/php_codesniffer": "2.*",
                "vlucas/phpdotenv": "1.*"
            },
            "type": "library",
            "autoload": {
                "psr-4": {
                    "SpotifyWebAPI\\": "src/"
                }
            },
            "notification-url": "https://packagist.org/downloads/",
            "license": [
                "MIT"
            ],
            "authors": [
                {
                    "name": "Jonathan Wilsson",
                    "email": "jonathan.wilsson@gmail.com"
                }
            ],
            "description": "PHP implementation of Spotify's Web API.",
            "homepage": "http://jwilsson.github.io/spotify-web-api-php/",
            "keywords": [
                "spotify"
            ],
            "time": "2015-09-05 14:08:26"
        },
        {
            "name": "mustangostang/spyc",
            "version": "0.5.1",
            "source": {
                "type": "git",
                "url": "https://github.com/mustangostang/spyc.git",
                "reference": "dc4785b4d7227fd9905e086d499fb8abfadf9977"
            },
            "dist": {
                "type": "zip",
                "url": "https://api.github.com/repos/mustangostang/spyc/zipball/dc4785b4d7227fd9905e086d499fb8abfadf9977",
                "reference": "dc4785b4d7227fd9905e086d499fb8abfadf9977",
                "shasum": ""
            },
            "require": {
                "php": ">=5.3.1"
            },
            "type": "library",
            "extra": {
                "branch-alias": {
                    "dev-master": "0.5.x-dev"
                }
            },
            "autoload": {
                "files": [
                    "Spyc.php"
                ]
            },
            "notification-url": "https://packagist.org/downloads/",
            "license": [
                "MIT License"
            ],
            "authors": [
                {
                    "name": "mustangostang",
                    "email": "vlad.andersen@gmail.com"
                }
            ],
            "description": "A simple YAML loader/dumper class for PHP",
            "homepage": "https://github.com/mustangostang/spyc/",
            "keywords": [
                "spyc",
                "yaml",
                "yml"
            ],
            "time": "2013-02-21 10:52:01"
        }
    ],
    "packages-dev": [],
    "aliases": [],
    "minimum-stability": "stable",
    "stability-flags": [],
    "prefer-stable": false,
    "prefer-lowest": false,
    "platform": [],
    "platform-dev": []
}
